// !$*UTF8*$!
{
	archiveVersion = 1;
	classes = {
	};
	objectVersion = 50;
	objects = {

/* Begin PBXBuildFile section */
		F160EA652155518D000AD184 /* AppDelegate.swift in Sources */ = {isa = PBXBuildFile; fileRef = F160EA642155518D000AD184 /* AppDelegate.swift */; };
		F160EA672155518D000AD184 /* MainController.swift in Sources */ = {isa = PBXBuildFile; fileRef = F160EA662155518D000AD184 /* MainController.swift */; };
		F160EA6A2155518D000AD184 /* Main.storyboard in Resources */ = {isa = PBXBuildFile; fileRef = F160EA682155518D000AD184 /* Main.storyboard */; };
		F160EA6D2155518D000AD184 /* WMA.xcdatamodeld in Sources */ = {isa = PBXBuildFile; fileRef = F160EA6B2155518D000AD184 /* WMA.xcdatamodeld */; };
		F160EA6F2155518E000AD184 /* Assets.xcassets in Resources */ = {isa = PBXBuildFile; fileRef = F160EA6E2155518E000AD184 /* Assets.xcassets */; };
		F160EA722155518E000AD184 /* LaunchScreen.storyboard in Resources */ = {isa = PBXBuildFile; fileRef = F160EA702155518E000AD184 /* LaunchScreen.storyboard */; };
		F160EA7B215551FA000AD184 /* Login.swift in Sources */ = {isa = PBXBuildFile; fileRef = F160EA7A215551FA000AD184 /* Login.swift */; };
		F160EA7D21555C98000AD184 /* Register.swift in Sources */ = {isa = PBXBuildFile; fileRef = F160EA7C21555C98000AD184 /* Register.swift */; };
		F160EA7F2155657A000AD184 /* EmployerHome.swift in Sources */ = {isa = PBXBuildFile; fileRef = F160EA7E2155657A000AD184 /* EmployerHome.swift */; };
		F160EA81215565E8000AD184 /* EmployeeHome.swift in Sources */ = {isa = PBXBuildFile; fileRef = F160EA80215565E8000AD184 /* EmployeeHome.swift */; };
		F160EA8321556F96000AD184 /* EmployeeRegister.swift in Sources */ = {isa = PBXBuildFile; fileRef = F160EA8221556F96000AD184 /* EmployeeRegister.swift */; };
/* End PBXBuildFile section */

/* Begin PBXFileReference section */
		F160EA612155518D000AD184 /* WMA.app */ = {isa = PBXFileReference; explicitFileType = wrapper.application; includeInIndex = 0; path = WMA.app; sourceTree = BUILT_PRODUCTS_DIR; };
		F160EA642155518D000AD184 /* AppDelegate.swift */ = {isa = PBXFileReference; lastKnownFileType = sourcecode.swift; path = AppDelegate.swift; sourceTree = "<group>"; };
		F160EA662155518D000AD184 /* MainController.swift */ = {isa = PBXFileReference; lastKnownFileType = sourcecode.swift; path = MainController.swift; sourceTree = "<group>"; };
		F160EA692155518D000AD184 /* Base */ = {isa = PBXFileReference; lastKnownFileType = file.storyboard; name = Base; path = Base.lproj/Main.storyboard; sourceTree = "<group>"; };
		F160EA6C2155518D000AD184 /* WMA.xcdatamodel */ = {isa = PBXFileReference; lastKnownFileType = wrapper.xcdatamodel; path = WMA.xcdatamodel; sourceTree = "<group>"; };
		F160EA6E2155518E000AD184 /* Assets.xcassets */ = {isa = PBXFileReference; lastKnownFileType = folder.assetcatalog; path = Assets.xcassets; sourceTree = "<group>"; };
		F160EA712155518E000AD184 /* Base */ = {isa = PBXFileReference; lastKnownFileType = file.storyboard; name = Base; path = Base.lproj/LaunchScreen.storyboard; sourceTree = "<group>"; };
		F160EA732155518E000AD184 /* Info.plist */ = {isa = PBXFileReference; lastKnownFileType = text.plist.xml; path = Info.plist; sourceTree = "<group>"; };
		F160EA7A215551FA000AD184 /* Login.swift */ = {isa = PBXFileReference; lastKnownFileType = sourcecode.swift; path = Login.swift; sourceTree = "<group>"; };
		F160EA7C21555C98000AD184 /* Register.swift */ = {isa = PBXFileReference; lastKnownFileType = sourcecode.swift; path = Register.swift; sourceTree = "<group>"; };
		F160EA7E2155657A000AD184 /* EmployerHome.swift */ = {isa = PBXFileReference; lastKnownFileType = sourcecode.swift; path = EmployerHome.swift; sourceTree = "<group>"; };
		F160EA80215565E8000AD184 /* EmployeeHome.swift */ = {isa = PBXFileReference; lastKnownFileType = sourcecode.swift; path = EmployeeHome.swift; sourceTree = "<group>"; };
		F160EA8221556F96000AD184 /* EmployeeRegister.swift */ = {isa = PBXFileReference; lastKnownFileType = sourcecode.swift; path = EmployeeRegister.swift; sourceTree = "<group>"; };
/* End PBXFileReference section */

/* Begin PBXFrameworksBuildPhase section */
		F160EA5E2155518D000AD184 /* Frameworks */ = {
			isa = PBXFrameworksBuildPhase;
			buildActionMask = 2147483647;
			files = (
			);
			runOnlyForDeploymentPostprocessing = 0;
		};
/* End PBXFrameworksBuildPhase section */

/* Begin PBXGroup section */
		F160EA582155518D000AD184 = {
			isa = PBXGroup;
			children = (
				F160EA632155518D000AD184 /* WMA */,
				F160EA622155518D000AD184 /* Products */,
			);
			sourceTree = "<group>";
		};
		F160EA622155518D000AD184 /* Products */ = {
			isa = PBXGroup;
			children = (
				F160EA612155518D000AD184 /* WMA.app */,
			);
			name = Products;
			sourceTree = "<group>";
		};
		F160EA632155518D000AD184 /* WMA */ = {
			isa = PBXGroup;
			children = (
				F160EA642155518D000AD184 /* AppDelegate.swift */,
				F160EA79215551A0000AD184 /* Controllers */,
				F160EA682155518D000AD184 /* Main.storyboard */,
				F160EA6E2155518E000AD184 /* Assets.xcassets */,
				F160EA702155518E000AD184 /* LaunchScreen.storyboard */,
				F160EA732155518E000AD184 /* Info.plist */,
				F160EA6B2155518D000AD184 /* WMA.xcdatamodeld */,
			);
			path = WMA;
			sourceTree = "<group>";
		};
		F160EA79215551A0000AD184 /* Controllers */ = {
			isa = PBXGroup;
			children = (
				F160EA662155518D000AD184 /* MainController.swift */,
				F160EA7A215551FA000AD184 /* Login.swift */,
				F160EA7C21555C98000AD184 /* Register.swift */,
				F160EA7E2155657A000AD184 /* EmployerHome.swift */,
				F160EA80215565E8000AD184 /* EmployeeHome.swift */,
				F160EA8221556F96000AD184 /* EmployeeRegister.swift */,
			);
			path = Controllers;
			sourceTree = "<group>";
		};
/* End PBXGroup section */

/* Begin PBXNativeTarget section */
		F160EA602155518D000AD184 /* WMA */ = {
			isa = PBXNativeTarget;
			buildConfigurationList = F160EA762155518E000AD184 /* Build configuration list for PBXNativeTarget "WMA" */;
			buildPhases = (
				F160EA5D2155518D000AD184 /* Sources */,
				F160EA5E2155518D000AD184 /* Frameworks */,
				F160EA5F2155518D000AD184 /* Resources */,
			);
			buildRules = (
			);
			dependencies = (
			);
			name = WMA;
			productName = WMA;
			productReference = F160EA612155518D000AD184 /* WMA.app */;
			productType = "com.apple.product-type.application";
		};
/* End PBXNativeTarget section */

/* Begin PBXProject section */
		F160EA592155518D000AD184 /* Project object */ = {
			isa = PBXProject;
			attributes = {
				LastSwiftUpdateCheck = 0940;
				LastUpgradeCheck = 0940;
				ORGANIZATIONNAME = "Alexey Cain";
				TargetAttributes = {
					F160EA602155518D000AD184 = {
						CreatedOnToolsVersion = 9.4.1;
					};
				};
			};
			buildConfigurationList = F160EA5C2155518D000AD184 /* Build configuration list for PBXProject "WMA" */;
			compatibilityVersion = "Xcode 9.3";
			developmentRegion = en;
			hasScannedForEncodings = 0;
			knownRegions = (
				en,
				Base,
			);
			mainGroup = F160EA582155518D000AD184;
			productRefGroup = F160EA622155518D000AD184 /* Products */;
			projectDirPath = "";
			projectRoot = "";
			targets = (
				F160EA602155518D000AD184 /* WMA */,
			);
		};
/* End PBXProject section */

/* Begin PBXResourcesBuildPhase section */
		F160EA5F2155518D000AD184 /* Resources */ = {
			isa = PBXResourcesBuildPhase;
			buildActionMask = 2147483647;
			files = (
				F160EA722155518E000AD184 /* LaunchScreen.storyboard in Resources */,
				F160EA6F2155518E000AD184 /* Assets.xcassets in Resources */,
				F160EA6A2155518D000AD184 /* Main.storyboard in Resources */,
			);
			runOnlyForDeploymentPostprocessing = 0;
		};
/* End PBXResourcesBuildPhase section */

/* Begin PBXSourcesBuildPhase section */
		F160EA5D2155518D000AD184 /* Sources */ = {
			isa = PBXSourcesBuildPhase;
			buildActionMask = 2147483647;
			files = (
				F160EA672155518D000AD184 /* MainController.swift in Sources */,
				F160EA652155518D000AD184 /* AppDelegate.swift in Sources */,
				F160EA81215565E8000AD184 /* EmployeeHome.swift in Sources */,
				F160EA6D2155518D000AD184 /* WMA.xcdatamodeld in Sources */,
				F160EA7B215551FA000AD184 /* Login.swift in Sources */,
				F160EA7D21555C98000AD184 /* Register.swift in Sources */,
				F160EA8321556F96000AD184 /* EmployeeRegister.swift in Sources */,
				F160EA7F2155657A000AD184 /* EmployerHome.swift in Sources */,
			);
			runOnlyForDeploymentPostprocessing = 0;
		};
/* End PBXSourcesBuildPhase section */

/* Begin PBXVariantGroup section */
		F160EA682155518D000AD184 /* Main.storyboard */ = {
			isa = PBXVariantGroup;
			children = (
				F160EA692155518D000AD184 /* Base */,
			);
			name = Main.storyboard;
			sourceTree = "<group>";
		};
		F160EA702155518E000AD184 /* LaunchScreen.storyboard */ = {
			isa = PBXVariantGroup;
			children = (
				F160EA712155518E000AD184 /* Base */,
			);
			name = LaunchScreen.storyboard;
			sourceTree = "<group>";
		};
/* End PBXVariantGroup section */

/* Begin XCBuildConfiguration section */
		F160EA742155518E000AD184 /* Debug */ = {
			isa = XCBuildConfiguration;
			buildSettings = {
				ALWAYS_SEARCH_USER_PATHS = NO;
				CLANG_ANALYZER_NONNULL = YES;
				CLANG_ANALYZER_NUMBER_OBJECT_CONVERSION = YES_AGGRESSIVE;
				CLANG_CXX_LANGUAGE_STANDARD = "gnu++14";
				CLANG_CXX_LIBRARY = "libc++";
				CLANG_ENABLE_MODULES = YES;
				CLANG_ENABLE_OBJC_ARC = YES;
				CLANG_ENABLE_OBJC_WEAK = YES;
				CLANG_WARN_BLOCK_CAPTURE_AUTORELEASING = YES;
				CLANG_WARN_BOOL_CONVERSION = YES;
				CLANG_WARN_COMMA = YES;
				CLANG_WARN_CONSTANT_CONVERSION = YES;
				CLANG_WARN_DEPRECATED_OBJC_IMPLEMENTATIONS = YES;
				CLANG_WARN_DIRECT_OBJC_ISA_USAGE = YES_ERROR;
				CLANG_WARN_DOCUMENTATION_COMMENTS = YES;
				CLANG_WARN_EMPTY_BODY = YES;
				CLANG_WARN_ENUM_CONVERSION = YES;
				CLANG_WARN_INFINITE_RECURSION = YES;
				CLANG_WARN_INT_CONVERSION = YES;
				CLANG_WARN_NON_LITERAL_NULL_CONVERSION = YES;
				CLANG_WARN_OBJC_IMPLICIT_RETAIN_SELF = YES;
				CLANG_WARN_OBJC_LITERAL_CONVERSION = YES;
				CLANG_WARN_OBJC_ROOT_CLASS = YES_ERROR;
				CLANG_WARN_RANGE_LOOP_ANALYSIS = YES;
				CLANG_WARN_STRICT_PROTOTYPES = YES;
				CLANG_WARN_SUSPICIOUS_MOVE = YES;
				CLANG_WARN_UNGUARDED_AVAILABILITY = YES_AGGRESSIVE;
				CLANG_WARN_UNREACHABLE_CODE = YES;
				CLANG_WARN__DUPLICATE_METHOD_MATCH = YES;
				CODE_SIGN_IDENTITY = "iPhone Developer";
				COPY_PHASE_STRIP = NO;
				DEBUG_INFORMATION_FORMAT = dwarf;
				ENABLE_STRICT_OBJC_MSGSEND = YES;
				ENABLE_TESTABILITY = YES;
				GCC_C_LANGUAGE_STANDARD = gnu11;
				GCC_DYNAMIC_NO_PIC = NO;
				GCC_NO_COMMON_BLOCKS = YES;
				GCC_OPTIMIZATION_LEVEL = 0;
				GCC_PREPROCESSOR_DEFINITIONS = (
					"DEBUG=1",
					"$(inherited)",
				);
				GCC_WARN_64_TO_32_BIT_CONVERSION = YES;
				GCC_WARN_ABOUT_RETURN_TYPE = YES_ERROR;
				GCC_WARN_UNDECLARED_SELECTOR = YES;
				GCC_WARN_UNINITIALIZED_AUTOS = YES_AGGRESSIVE;
				GCC_WARN_UNUSED_FUNCTION = YES;
				GCC_WARN_UNUSED_VARIABLE = YES;
				IPHONEOS_DEPLOYMENT_TARGET = 11.4;
				MTL_ENABLE_DEBUG_INFO = YES;
				ONLY_ACTIVE_ARCH = YES;
				SDKROOT = iphoneos;
				SWIFT_ACTIVE_COMPILATION_CONDITIONS = DEBUG;
				SWIFT_OPTIMIZATION_LEVEL = "-Onone";
			};
			name = Debug;
		};
		F160EA752155518E000AD184 /* Release */ = {
			isa = XCBuildConfiguration;
			buildSettings = {
				ALWAYS_SEARCH_USER_PATHS = NO;
				CLANG_ANALYZER_NONNULL = YES;
				CLANG_ANALYZER_NUMBER_OBJECT_CONVERSION = YES_AGGRESSIVE;
				CLANG_CXX_LANGUAGE_STANDARD = "gnu++14";
				CLANG_CXX_LIBRARY = "libc++";
				CLANG_ENABLE_MODULES = YES;
				CLANG_ENABLE_OBJC_ARC = YES;
				CLANG_ENABLE_OBJC_WEAK = YES;
				CLANG_WARN_BLOCK_CAPTURE_AUTORELEASING = YES;
				CLANG_WARN_BOOL_CONVERSION = YES;
				CLANG_WARN_COMMA = YES;
				CLANG_WARN_CONSTANT_CONVERSION = YES;
				CLANG_WARN_DEPRECATED_OBJC_IMPLEMENTATIONS = YES;
				CLANG_WARN_DIRECT_OBJC_ISA_USAGE = YES_ERROR;
				CLANG_WARN_DOCUMENTATION_COMMENTS = YES;
				CLANG_WARN_EMPTY_BODY = YES;
				CLANG_WARN_ENUM_CONVERSION = YES;
				CLANG_WARN_INFINITE_RECURSION = YES;
				CLANG_WARN_INT_CONVERSION = YES;
				CLANG_WARN_NON_LITERAL_NULL_CONVERSION = YES;
				CLANG_WARN_OBJC_IMPLICIT_RETAIN_SELF = YES;
				CLANG_WARN_OBJC_LITERAL_CONVERSION = YES;
				CLANG_WARN_OBJC_ROOT_CLASS = YES_ERROR;
				CLANG_WARN_RANGE_LOOP_ANALYSIS = YES;
				CLANG_WARN_STRICT_PROTOTYPES = YES;
				CLANG_WARN_SUSPICIOUS_MOVE = YES;
				CLANG_WARN_UNGUARDED_AVAILABILITY = YES_AGGRESSIVE;
				CLANG_WARN_UNREACHABLE_CODE = YES;
				CLANG_WARN__DUPLICATE_METHOD_MATCH = YES;
				CODE_SIGN_IDENTITY = "iPhone Developer";
				COPY_PHASE_STRIP = NO;
				DEBUG_INFORMATION_FORMAT = "dwarf-with-dsym";
				ENABLE_NS_ASSERTIONS = NO;
				ENABLE_STRICT_OBJC_MSGSEND = YES;
				GCC_C_LANGUAGE_STANDARD = gnu11;
				GCC_NO_COMMON_BLOCKS = YES;
				GCC_WARN_64_TO_32_BIT_CONVERSION = YES;
				GCC_WARN_ABOUT_RETURN_TYPE = YES_ERROR;
				GCC_WARN_UNDECLARED_SELECTOR = YES;
				GCC_WARN_UNINITIALIZED_AUTOS = YES_AGGRESSIVE;
				GCC_WARN_UNUSED_FUNCTION = YES;
				GCC_WARN_UNUSED_VARIABLE = YES;
				IPHONEOS_DEPLOYMENT_TARGET = 11.4;
				MTL_ENABLE_DEBUG_INFO = NO;
				SDKROOT = iphoneos;
				SWIFT_COMPILATION_MODE = wholemodule;
				SWIFT_OPTIMIZATION_LEVEL = "-O";
				VALIDATE_PRODUCT = YES;
			};
			name = Release;
		};
		F160EA772155518E000AD184 /* Debug */ = {
			isa = XCBuildConfiguration;
			buildSettings = {
				ASSETCATALOG_COMPILER_APPICON_NAME = AppIcon;
				CODE_SIGN_STYLE = Automatic;
				DEVELOPMENT_TEAM = MUVT53CRAT;
				INFOPLIST_FILE = WMA/Info.plist;
				LD_RUNPATH_SEARCH_PATHS = (
					"$(inherited)",
					"@executable_path/Frameworks",
				);
				PRODUCT_BUNDLE_IDENTIFIER = com.binaryforge.WMA;
				PRODUCT_NAME = "$(TARGET_NAME)";
				SWIFT_VERSION = 4.0;
				TARGETED_DEVICE_FAMILY = "1,2";
			};
			name = Debug;
		};
		F160EA782155518E000AD184 /* Release */ = {
			isa = XCBuildConfiguration;
			buildSettings = {
				ASSETCATALOG_COMPILER_APPICON_NAME = AppIcon;
				CODE_SIGN_STYLE = Automatic;
				DEVELOPMENT_TEAM = MUVT53CRAT;
				INFOPLIST_FILE = WMA/Info.plist;
				LD_RUNPATH_SEARCH_PATHS = (
					"$(inherited)",
					"@executable_path/Frameworks",
				);
				PRODUCT_BUNDLE_IDENTIFIER = com.binaryforge.WMA;
				PRODUCT_NAME = "$(TARGET_NAME)";
				SWIFT_VERSION = 4.0;
				TARGETED_DEVICE_FAMILY = "1,2";
			};
			name = Release;
		};
/* End XCBuildConfiguration section */

/* Begin XCConfigurationList section */
		F160EA5C2155518D000AD184 /* Build configuration list for PBXProject "WMA" */ = {
			isa = XCConfigurationList;
			buildConfigurations = (
				F160EA742155518E000AD184 /* Debug */,
				F160EA752155518E000AD184 /* Release */,
			);
			defaultConfigurationIsVisible = 0;
			defaultConfigurationName = Release;
		};
		F160EA762155518E000AD184 /* Build configuration list for PBXNativeTarget "WMA" */ = {
			isa = XCConfigurationList;
			buildConfigurations = (
				F160EA772155518E000AD184 /* Debug */,
				F160EA782155518E000AD184 /* Release */,
			);
			defaultConfigurationIsVisible = 0;
			defaultConfigurationName = Release;
		};
/* End XCConfigurationList section */

/* Begin XCVersionGroup section */
		F160EA6B2155518D000AD184 /* WMA.xcdatamodeld */ = {
			isa = XCVersionGroup;
			children = (
				F160EA6C2155518D000AD184 /* WMA.xcdatamodel */,
			);
			currentVersion = F160EA6C2155518D000AD184 /* WMA.xcdatamodel */;
			path = WMA.xcdatamodeld;
			sourceTree = "<group>";
			versionGroupType = wrapper.xcdatamodel;
		};
/* End XCVersionGroup section */
	};
	rootObject = F160EA592155518D000AD184 /* Project object */;
}
